
Microsoft Visual Studio Solution File, Format Version 12.00
# Visual Studio Version 17
VisualStudioVersion = 17.7.34202.233
MinimumVisualStudioVersion = 10.0.40219.1
Project("{888888A0-9F3D-457C-B088-3A5042F75D52}") = "Zad 1 psiml10", "Zad 1 psiml10\Zad 1 psiml10.pyproj", "{F64E7502-6E1F-48D0-97CD-E87A4625B3DD}"
EndProject
Global
	GlobalSection(SolutionConfigurationPlatforms) = preSolution
		Debug|Any CPU = Debug|Any CPU
		Release|Any CPU = Release|Any CPU
	EndGlobalSection
	GlobalSection(ProjectConfigurationPlatforms) = postSolution
		{F64E7502-6E1F-48D0-97CD-E87A4625B3DD}.Debug|Any CPU.ActiveCfg = Debug|Any CPU
		{F64E7502-6E1F-48D0-97CD-E87A4625B3DD}.Release|Any CPU.ActiveCfg = Release|Any CPU
	EndGlobalSection
	GlobalSection(SolutionProperties) = preSolution
		HideSolutionNode = FALSE
	EndGlobalSection
	GlobalSection(ExtensibilityGlobals) = postSolution
		SolutionGuid = {F5B0803E-5403-4710-9268-677D4096B1E6}
	EndGlobalSection
EndGlobal
